{
  "name": "AURA360",
  "lockfileVersion": 3,
  "requires": true,
  "packages": {
    "": {
      "dependencies": {
        "@azure/mcp": "^2.0.0-beta.5"
      }
    },
    "node_modules/@azure/mcp": {
      "version": "2.0.0-beta.5",
      "resolved": "https://registry.npmjs.org/@azure/mcp/-/mcp-2.0.0-beta.5.tgz",
      "integrity": "sha512-73ZfDD9fXLDF/tna70R3fh0f0Nu7zpJhdsTHD/5SXQtKO6KZi5j3LiSKVCRdBLxdxFOv9gxurLjtnv8xcGEuBg==",
      "cpu": [
        "x64",
        "arm64"
      ],
      "hasInstallScript": true,
      "license": "MIT",
      "os": [
        "linux",
        "darwin",
        "win32"
      ],
      "bin": {
        "azmcp": "index.js"
      },
      "engines": {
        "node": ">=20.0.0"
      },
      "optionalDependencies": {
        "@azure/mcp-darwin-arm64": "2.0.0-beta.5",
        "@azure/mcp-darwin-x64": "2.0.0-beta.5",
        "@azure/mcp-linux-arm64": "2.0.0-beta.5",
        "@azure/mcp-linux-x64": "2.0.0-beta.5",
        "@azure/mcp-win32-arm64": "2.0.0-beta.5",
        "@azure/mcp-win32-x64": "2.0.0-beta.5"
      }
    },
    "node_modules/@azure/mcp-darwin-arm64": {
      "version": "2.0.0-beta.5",
      "resolved": "https://registry.npmjs.org/@azure/mcp-darwin-arm64/-/mcp-darwin-arm64-2.0.0-beta.5.tgz",
      "integrity": "sha512-HLeGd+5KHQMVjGMdilZLmB01vNRbL9Lvsz9uZZZDhawfqEFboSVWM9czSjLoleqW4FCnil2Nd8ngD8CzzGzVZQ==",
      "cpu": [
        "arm64"
      ],
      "license": "MIT",
      "optional": true,
      "os": [
        "darwin"
      ],
      "bin": {
        "azmcp-darwin-arm64": "dist/azmcp"
      },
      "engines": {
        "node": ">=20.0.0"
      }
    },
    "node_modules/@azure/mcp-darwin-x64": {
      "version": "2.0.0-beta.5",
      "resolved": "https://registry.npmjs.org/@azure/mcp-darwin-x64/-/mcp-darwin-x64-2.0.0-beta.5.tgz",
      "integrity": "sha512-1LyPfUjtvHNhXFNjmE+qKca+aZ1fryFUBU3WOcoEH6eRw0mGrT4gST8nf+f4PgtKRPDqgmN+24zBYXIhNia/1g==",
      "cpu": [
        "x64"
      ],
      "license": "MIT",
      "optional": true,
      "os": [
        "darwin"
      ],
      "bin": {
        "azmcp-darwin-x64": "dist/azmcp"
      },
      "engines": {
        "node": ">=20.0.0"
      }
    },
    "node_modules/@azure/mcp-linux-arm64": {
      "version": "2.0.0-beta.5",
      "resolved": "https://registry.npmjs.org/@azure/mcp-linux-arm64/-/mcp-linux-arm64-2.0.0-beta.5.tgz",
      "integrity": "sha512-KAmpumiwg27BS74uXSf9ZVwmkaOU7f6wJU+IzVKLU3MqKs+yVQKhvQMwLNFYrat7/r6wDxBVlg8X1qypw80pXg==",
      "cpu": [
        "arm64"
      ],
      "license": "MIT",
      "optional": true,
      "os": [
        "linux"
      ],
      "bin": {
        "azmcp-linux-arm64": "dist/azmcp"
      },
      "engines": {
        "node": ">=20.0.0"
      }
    },
    "node_modules/@azure/mcp-linux-x64": {
      "version": "2.0.0-beta.5",
      "resolved": "https://registry.npmjs.org/@azure/mcp-linux-x64/-/mcp-linux-x64-2.0.0-beta.5.tgz",
      "integrity": "sha512-BzrXVLcPgZRR0g3C8necEaqiuNgwHOxnGAjUcql/SMJo1svPZtEXztIYBsADaeB91EU2yViFys4gnSGvMcc28w==",
      "cpu": [
        "x64"
      ],
      "license": "MIT",
      "optional": true,
      "os": [
        "linux"
      ],
      "bin": {
        "azmcp-linux-x64": "dist/azmcp"
      },
      "engines": {
        "node": ">=20.0.0"
      }
    },
    "node_modules/@azure/mcp-win32-arm64": {
      "version": "2.0.0-beta.5",
      "resolved": "https://registry.npmjs.org/@azure/mcp-win32-arm64/-/mcp-win32-arm64-2.0.0-beta.5.tgz",
      "integrity": "sha512-UR2pyRALFMT2523INCL3r4T0tlnIkWS4OSf6YTrcv8GOsBir0EbcWaRxuuEUpwpxzIJr5T6ZPixDgPT2Hurnxg==",
      "cpu": [
        "arm64"
      ],
      "license": "MIT",
      "optional": true,
      "os": [
        "win32"
      ],
      "bin": {
        "azmcp-win32-arm64": "dist/azmcp.exe"
      },
      "engines": {
        "node": ">=20.0.0"
      }
    },
    "node_modules/@azure/mcp-win32-x64": {
      "version": "2.0.0-beta.5",
      "resolved": "https://registry.npmjs.org/@azure/mcp-win32-x64/-/mcp-win32-x64-2.0.0-beta.5.tgz",
      "integrity": "sha512-pWBhTeS8Y4at1ZRz40ObwE8xCK6U9TbS//3MhGTs7fDfFNgwFhuV0LxxiNA3au47l4AcVen6T7AaSOkTYoHExg==",
      "cpu": [
        "x64"
      ],
      "license": "MIT",
      "optional": true,
      "os": [
        "win32"
      ],
      "bin": {
        "azmcp-win32-x64": "dist/azmcp.exe"
      },
      "engines": {
        "node": ">=20.0.0"
      }
    }
  }
}
